// !$*UTF8*$!
{
	archiveVersion = 1;
	classes = {
	};
	objectVersion = 46;
	objects = {

/* Begin PBXBuildFile section */
		6FDDC76B1523FB6600BA3D79 /* UIKit.framework in Frameworks */ = {isa = PBXBuildFile; fileRef = 6FDDC76A1523FB6600BA3D79 /* UIKit.framework */; };
		6FDDC76D1523FB6600BA3D79 /* Foundation.framework in Frameworks */ = {isa = PBXBuildFile; fileRef = 6FDDC76C1523FB6600BA3D79 /* Foundation.framework */; };
		6FDDC76F1523FB6600BA3D79 /* CoreGraphics.framework in Frameworks */ = {isa = PBXBuildFile; fileRef = 6FDDC76E1523FB6600BA3D79 /* CoreGraphics.framework */; };
		6FDDC7751523FB6600BA3D79 /* InfoPlist.strings in Resources */ = {isa = PBXBuildFile; fileRef = 6FDDC7731523FB6600BA3D79 /* InfoPlist.strings */; };
		6FDDC7771523FB6600BA3D79 /* main.m in Sources */ = {isa = PBXBuildFile; fileRef = 6FDDC7761523FB6600BA3D79 /* main.m */; };
		6FDDC77B1523FB6600BA3D79 /* AppDelegate.m in Sources */ = {isa = PBXBuildFile; fileRef = 6FDDC77A1523FB6600BA3D79 /* AppDelegate.m */; };
		6FDDC77E1523FB6600BA3D79 /* MainStoryboard_iPhone.storyboard in Resources */ = {isa = PBXBuildFile; fileRef = 6FDDC77C1523FB6600BA3D79 /* MainStoryboard_iPhone.storyboard */; };
		6FDDC7811523FB6600BA3D79 /* MainStoryboard_iPad.storyboard in Resources */ = {isa = PBXBuildFile; fileRef = 6FDDC77F1523FB6600BA3D79 /* MainStoryboard_iPad.storyboard */; };
		6FDDC7841523FB6600BA3D79 /* ViewController.m in Sources */ = {isa = PBXBuildFile; fileRef = 6FDDC7831523FB6600BA3D79 /* ViewController.m */; };
		6FDDC78C1523FB6600BA3D79 /* SenTestingKit.framework in Frameworks */ = {isa = PBXBuildFile; fileRef = 6FDDC78B1523FB6600BA3D79 /* SenTestingKit.framework */; };
		6FDDC78D1523FB6600BA3D79 /* UIKit.framework in Frameworks */ = {isa = PBXBuildFile; fileRef = 6FDDC76A1523FB6600BA3D79 /* UIKit.framework */; };
		6FDDC78E1523FB6600BA3D79 /* Foundation.framework in Frameworks */ = {isa = PBXBuildFile; fileRef = 6FDDC76C1523FB6600BA3D79 /* Foundation.framework */; };
		6FDDC7961523FB6600BA3D79 /* InfoPlist.strings in Resources */ = {isa = PBXBuildFile; fileRef = 6FDDC7941523FB6600BA3D79 /* InfoPlist.strings */; };
		6FDDC7991523FB6600BA3D79 /* UniversalTestTests.m in Sources */ = {isa = PBXBuildFile; fileRef = 6FDDC7981523FB6600BA3D79 /* UniversalTestTests.m */; };
/* End PBXBuildFile section */

/* Begin PBXContainerItemProxy section */
		6FDDC78F1523FB6600BA3D79 /* PBXContainerItemProxy */ = {
			isa = PBXContainerItemProxy;
			containerPortal = 6FDDC75D1523FB6600BA3D79 /* Project object */;
			proxyType = 1;
			remoteGlobalIDString = 6FDDC7651523FB6600BA3D79;
			remoteInfo = UniversalTest;
		};
/* End PBXContainerItemProxy section */

/* Begin PBXFileReference section */
		6FDDC7661523FB6600BA3D79 /* UniversalTest.app */ = {isa = PBXFileReference; explicitFileType = wrapper.application; includeInIndex = 0; path = UniversalTest.app; sourceTree = BUILT_PRODUCTS_DIR; };
		6FDDC76A1523FB6600BA3D79 /* UIKit.framework */ = {isa = PBXFileReference; lastKnownFileType = wrapper.framework; name = UIKit.framework; path = System/Library/Frameworks/UIKit.framework; sourceTree = SDKROOT; };
		6FDDC76C1523FB6600BA3D79 /* Foundation.framework */ = {isa = PBXFileReference; lastKnownFileType = wrapper.framework; name = Foundation.framework; path = System/Library/Frameworks/Foundation.framework; sourceTree = SDKROOT; };
		6FDDC76E1523FB6600BA3D79 /* CoreGraphics.framework */ = {isa = PBXFileReference; lastKnownFileType = wrapper.framework; name = CoreGraphics.framework; path = System/Library/Frameworks/CoreGraphics.framework; sourceTree = SDKROOT; };
		6FDDC7721523FB6600BA3D79 /* UniversalTest-Info.plist */ = {isa = PBXFileReference; lastKnownFileType = text.plist.xml; path = "UniversalTest-Info.plist"; sourceTree = "<group>"; };
		6FDDC7741523FB6600BA3D79 /* en */ = {isa = PBXFileReference; lastKnownFileType = text.plist.strings; name = en; path = en.lproj/InfoPlist.strings; sourceTree = "<group>"; };
		6FDDC7761523FB6600BA3D79 /* main.m */ = {isa = PBXFileReference; lastKnownFileType = sourcecode.c.objc; path = main.m; sourceTree = "<group>"; };
		6FDDC7781523FB6600BA3D79 /* UniversalTest-Prefix.pch */ = {isa = PBXFileReference; lastKnownFileType = sourcecode.c.h; path = "UniversalTest-Prefix.pch"; sourceTree = "<group>"; };
		6FDDC7791523FB6600BA3D79 /* AppDelegate.h */ = {isa = PBXFileReference; lastKnownFileType = sourcecode.c.h; path = AppDelegate.h; sourceTree = "<group>"; };
		6FDDC77A1523FB6600BA3D79 /* AppDelegate.m */ = {isa = PBXFileReference; lastKnownFileType = sourcecode.c.objc; path = AppDelegate.m; sourceTree = "<group>"; };
		6FDDC77D1523FB6600BA3D79 /* en */ = {isa = PBXFileReference; lastKnownFileType = file.storyboard; name = en; path = en.lproj/MainStoryboard_iPhone.storyboard; sourceTree = "<group>"; };
		6FDDC7801523FB6600BA3D79 /* en */ = {isa = PBXFileReference; lastKnownFileType = file.storyboard; name = en; path = en.lproj/MainStoryboard_iPad.storyboard; sourceTree = "<group>"; };
		6FDDC7821523FB6600BA3D79 /* ViewController.h */ = {isa = PBXFileReference; lastKnownFileType = sourcecode.c.h; path = ViewController.h; sourceTree = "<group>"; };
		6FDDC7831523FB6600BA3D79 /* ViewController.m */ = {isa = PBXFileReference; lastKnownFileType = sourcecode.c.objc; path = ViewController.m; sourceTree = "<group>"; };
		6FDDC78A1523FB6600BA3D79 /* UniversalTestTests.octest */ = {isa = PBXFileReference; explicitFileType = wrapper.cfbundle; includeInIndex = 0; path = UniversalTestTests.octest; sourceTree = BUILT_PRODUCTS_DIR; };
		6FDDC78B1523FB6600BA3D79 /* SenTestingKit.framework */ = {isa = PBXFileReference; lastKnownFileType = wrapper.framework; name = SenTestingKit.framework; path = Library/Frameworks/SenTestingKit.framework; sourceTree = DEVELOPER_DIR; };
		6FDDC7931523FB6600BA3D79 /* UniversalTestTests-Info.plist */ = {isa = PBXFileReference; lastKnownFileType = text.plist.xml; path = "UniversalTestTests-Info.plist"; sourceTree = "<group>"; };
		6FDDC7951523FB6600BA3D79 /* en */ = {isa = PBXFileReference; lastKnownFileType = text.plist.strings; name = en; path = en.lproj/InfoPlist.strings; sourceTree = "<group>"; };
		6FDDC7971523FB6600BA3D79 /* UniversalTestTests.h */ = {isa = PBXFileReference; lastKnownFileType = sourcecode.c.h; path = UniversalTestTests.h; sourceTree = "<group>"; };
		6FDDC7981523FB6600BA3D79 /* UniversalTestTests.m */ = {isa = PBXFileReference; lastKnownFileType = sourcecode.c.objc; path = UniversalTestTests.m; sourceTree = "<group>"; };
/* End PBXFileReference section */

/* Begin PBXFrameworksBuildPhase section */
		6FDDC7631523FB6600BA3D79 /* Frameworks */ = {
			isa = PBXFrameworksBuildPhase;
			buildActionMask = 2147483647;
			files = (
				6FDDC76B1523FB6600BA3D79 /* UIKit.framework in Frameworks */,
				6FDDC76D1523FB6600BA3D79 /* Foundation.framework in Frameworks */,
				6FDDC76F1523FB6600BA3D79 /* CoreGraphics.framework in Frameworks */,
			);
			runOnlyForDeploymentPostprocessing = 0;
		};
		6FDDC7861523FB6600BA3D79 /* Frameworks */ = {
			isa = PBXFrameworksBuildPhase;
			buildActionMask = 2147483647;
			files = (
				6FDDC78C1523FB6600BA3D79 /* SenTestingKit.framework in Frameworks */,
				6FDDC78D1523FB6600BA3D79 /* UIKit.framework in Frameworks */,
				6FDDC78E1523FB6600BA3D79 /* Foundation.framework in Frameworks */,
			);
			runOnlyForDeploymentPostprocessing = 0;
		};
/* End PBXFrameworksBuildPhase section */

/* Begin PBXGroup section */
		6FDDC75B1523FB6600BA3D79 = {
			isa = PBXGroup;
			children = (
				6FDDC7701523FB6600BA3D79 /* UniversalTest */,
				6FDDC7911523FB6600BA3D79 /* UniversalTestTests */,
				6FDDC7691523FB6600BA3D79 /* Frameworks */,
				6FDDC7671523FB6600BA3D79 /* Products */,
			);
			sourceTree = "<group>";
		};
		6FDDC7671523FB6600BA3D79 /* Products */ = {
			isa = PBXGroup;
			children = (
				6FDDC7661523FB6600BA3D79 /* UniversalTest.app */,
				6FDDC78A1523FB6600BA3D79 /* UniversalTestTests.octest */,
			);
			name = Products;
			sourceTree = "<group>";
		};
		6FDDC7691523FB6600BA3D79 /* Frameworks */ = {
			isa = PBXGroup;
			children = (
				6FDDC76A1523FB6600BA3D79 /* UIKit.framework */,
				6FDDC76C1523FB6600BA3D79 /* Foundation.framework */,
				6FDDC76E1523FB6600BA3D79 /* CoreGraphics.framework */,
				6FDDC78B1523FB6600BA3D79 /* SenTestingKit.framework */,
			);
			name = Frameworks;
			sourceTree = "<group>";
		};
		6FDDC7701523FB6600BA3D79 /* UniversalTest */ = {
			isa = PBXGroup;
			children = (
				6FDDC7791523FB6600BA3D79 /* AppDelegate.h */,
				6FDDC77A1523FB6600BA3D79 /* AppDelegate.m */,
				6FDDC77C1523FB6600BA3D79 /* MainStoryboard_iPhone.storyboard */,
				6FDDC77F1523FB6600BA3D79 /* MainStoryboard_iPad.storyboard */,
				6FDDC7821523FB6600BA3D79 /* ViewController.h */,
				6FDDC7831523FB6600BA3D79 /* ViewController.m */,
				6FDDC7711523FB6600BA3D79 /* Supporting Files */,
			);
			path = UniversalTest;
			sourceTree = "<group>";
		};
		6FDDC7711523FB6600BA3D79 /* Supporting Files */ = {
			isa = PBXGroup;
			children = (
				6FDDC7721523FB6600BA3D79 /* UniversalTest-Info.plist */,
				6FDDC7731523FB6600BA3D79 /* InfoPlist.strings */,
				6FDDC7761523FB6600BA3D79 /* main.m */,
				6FDDC7781523FB6600BA3D79 /* UniversalTest-Prefix.pch */,
			);
			name = "Supporting Files";
			sourceTree = "<group>";
		};
		6FDDC7911523FB6600BA3D79 /* UniversalTestTests */ = {
			isa = PBXGroup;
			children = (
				6FDDC7971523FB6600BA3D79 /* UniversalTestTests.h */,
				6FDDC7981523FB6600BA3D79 /* UniversalTestTests.m */,
				6FDDC7921523FB6600BA3D79 /* Supporting Files */,
			);
			path = UniversalTestTests;
			sourceTree = "<group>";
		};
		6FDDC7921523FB6600BA3D79 /* Supporting Files */ = {
			isa = PBXGroup;
			children = (
				6FDDC7931523FB6600BA3D79 /* UniversalTestTests-Info.plist */,
				6FDDC7941523FB6600BA3D79 /* InfoPlist.strings */,
			);
			name = "Supporting Files";
			sourceTree = "<group>";
		};
/* End PBXGroup section */

/* Begin PBXNativeTarget section */
		6FDDC7651523FB6600BA3D79 /* UniversalTest */ = {
			isa = PBXNativeTarget;
			buildConfigurationList = 6FDDC79C1523FB6600BA3D79 /* Build configuration list for PBXNativeTarget "UniversalTest" */;
			buildPhases = (
				6FDDC7621523FB6600BA3D79 /* Sources */,
				6FDDC7631523FB6600BA3D79 /* Frameworks */,
				6FDDC7641523FB6600BA3D79 /* Resources */,
			);
			buildRules = (
			);
			dependencies = (
			);
			name = UniversalTest;
			productName = UniversalTest;
			productReference = 6FDDC7661523FB6600BA3D79 /* UniversalTest.app */;
			productType = "com.apple.product-type.application";
		};
		6FDDC7891523FB6600BA3D79 /* UniversalTestTests */ = {
			isa = PBXNativeTarget;
			buildConfigurationList = 6FDDC79F1523FB6600BA3D79 /* Build configuration list for PBXNativeTarget "UniversalTestTests" */;
			buildPhases = (
				6FDDC7851523FB6600BA3D79 /* Sources */,
				6FDDC7861523FB6600BA3D79 /* Frameworks */,
				6FDDC7871523FB6600BA3D79 /* Resources */,
				6FDDC7881523FB6600BA3D79 /* ShellScript */,
			);
			buildRules = (
			);
			dependencies = (
				6FDDC7901523FB6600BA3D79 /* PBXTargetDependency */,
			);
			name = UniversalTestTests;
			productName = UniversalTestTests;
			productReference = 6FDDC78A1523FB6600BA3D79 /* UniversalTestTests.octest */;
			productType = "com.apple.product-type.bundle";
		};
/* End PBXNativeTarget section */

/* Begin PBXProject section */
		6FDDC75D1523FB6600BA3D79 /* Project object */ = {
			isa = PBXProject;
			attributes = {
				LastUpgradeCheck = 0430;
				ORGANIZATIONNAME = "에스티큐브";
			};
			buildConfigurationList = 6FDDC7601523FB6600BA3D79 /* Build configuration list for PBXProject "UniversalTest" */;
			compatibilityVersion = "Xcode 3.2";
			developmentRegion = English;
			hasScannedForEncodings = 0;
			knownRegions = (
				en,
			);
			mainGroup = 6FDDC75B1523FB6600BA3D79;
			productRefGroup = 6FDDC7671523FB6600BA3D79 /* Products */;
			projectDirPath = "";
			projectRoot = "";
			targets = (
				6FDDC7651523FB6600BA3D79 /* UniversalTest */,
				6FDDC7891523FB6600BA3D79 /* UniversalTestTests */,
			);
		};
/* End PBXProject section */

/* Begin PBXResourcesBuildPhase section */
		6FDDC7641523FB6600BA3D79 /* Resources */ = {
			isa = PBXResourcesBuildPhase;
			buildActionMask = 2147483647;
			files = (
				6FDDC7751523FB6600BA3D79 /* InfoPlist.strings in Resources */,
				6FDDC77E1523FB6600BA3D79 /* MainStoryboard_iPhone.storyboard in Resources */,
				6FDDC7811523FB6600BA3D79 /* MainStoryboard_iPad.storyboard in Resources */,
			);
			runOnlyForDeploymentPostprocessing = 0;
		};
		6FDDC7871523FB6600BA3D79 /* Resources */ = {
			isa = PBXResourcesBuildPhase;
			buildActionMask = 2147483647;
			files = (
				6FDDC7961523FB6600BA3D79 /* InfoPlist.strings in Resources */,
			);
			runOnlyForDeploymentPostprocessing = 0;
		};
/* End PBXResourcesBuildPhase section */

/* Begin PBXShellScriptBuildPhase section */
		6FDDC7881523FB6600BA3D79 /* ShellScript */ = {
			isa = PBXShellScriptBuildPhase;
			buildActionMask = 2147483647;
			files = (
			);
			inputPaths = (
			);
			outputPaths = (
			);
			runOnlyForDeploymentPostprocessing = 0;
			shellPath = /bin/sh;
			shellScript = "# Run the unit tests in this test bundle.\n\"${SYSTEM_DEVELOPER_DIR}/Tools/RunUnitTests\"\n";
		};
/* End PBXShellScriptBuildPhase section */

/* Begin PBXSourcesBuildPhase section */
		6FDDC7621523FB6600BA3D79 /* Sources */ = {
			isa = PBXSourcesBuildPhase;
			buildActionMask = 2147483647;
			files = (
				6FDDC7771523FB6600BA3D79 /* main.m in Sources */,
				6FDDC77B1523FB6600BA3D79 /* AppDelegate.m in Sources */,
				6FDDC7841523FB6600BA3D79 /* ViewController.m in Sources */,
			);
			runOnlyForDeploymentPostprocessing = 0;
		};
		6FDDC7851523FB6600BA3D79 /* Sources */ = {
			isa = PBXSourcesBuildPhase;
			buildActionMask = 2147483647;
			files = (
				6FDDC7991523FB6600BA3D79 /* UniversalTestTests.m in Sources */,
			);
			runOnlyForDeploymentPostprocessing = 0;
		};
/* End PBXSourcesBuildPhase section */

/* Begin PBXTargetDependency section */
		6FDDC7901523FB6600BA3D79 /* PBXTargetDependency */ = {
			isa = PBXTargetDependency;
			target = 6FDDC7651523FB6600BA3D79 /* UniversalTest */;
			targetProxy = 6FDDC78F1523FB6600BA3D79 /* PBXContainerItemProxy */;
		};
/* End PBXTargetDependency section */

/* Begin PBXVariantGroup section */
		6FDDC7731523FB6600BA3D79 /* InfoPlist.strings */ = {
			isa = PBXVariantGroup;
			children = (
				6FDDC7741523FB6600BA3D79 /* en */,
			);
			name = InfoPlist.strings;
			sourceTree = "<group>";
		};
		6FDDC77C1523FB6600BA3D79 /* MainStoryboard_iPhone.storyboard */ = {
			isa = PBXVariantGroup;
			children = (
				6FDDC77D1523FB6600BA3D79 /* en */,
			);
			name = MainStoryboard_iPhone.storyboard;
			sourceTree = "<group>";
		};
		6FDDC77F1523FB6600BA3D79 /* MainStoryboard_iPad.storyboard */ = {
			isa = PBXVariantGroup;
			children = (
				6FDDC7801523FB6600BA3D79 /* en */,
			);
			name = MainStoryboard_iPad.storyboard;
			sourceTree = "<group>";
		};
		6FDDC7941523FB6600BA3D79 /* InfoPlist.strings */ = {
			isa = PBXVariantGroup;
			children = (
				6FDDC7951523FB6600BA3D79 /* en */,
			);
			name = InfoPlist.strings;
			sourceTree = "<group>";
		};
/* End PBXVariantGroup section */

/* Begin XCBuildConfiguration section */
		6FDDC79A1523FB6600BA3D79 /* Debug */ = {
			isa = XCBuildConfiguration;
			buildSettings = {
				ALWAYS_SEARCH_USER_PATHS = NO;
				ARCHS = "$(ARCHS_STANDARD_32_BIT)";
				CLANG_ENABLE_OBJC_ARC = YES;
				"CODE_SIGN_IDENTITY[sdk=iphoneos*]" = "iPhone Developer";
				COPY_PHASE_STRIP = NO;
				GCC_C_LANGUAGE_STANDARD = gnu99;
				GCC_DYNAMIC_NO_PIC = NO;
				GCC_OPTIMIZATION_LEVEL = 0;
				GCC_PREPROCESSOR_DEFINITIONS = (
					"DEBUG=1",
					"$(inherited)",
				);
				GCC_SYMBOLS_PRIVATE_EXTERN = NO;
				GCC_VERSION = com.apple.compilers.llvm.clang.1_0;
				GCC_WARN_ABOUT_RETURN_TYPE = YES;
				GCC_WARN_UNINITIALIZED_AUTOS = YES;
				GCC_WARN_UNUSED_VARIABLE = YES;
				IPHONEOS_DEPLOYMENT_TARGET = 5.1;
				SDKROOT = iphoneos;
				TARGETED_DEVICE_FAMILY = "1,2";
			};
			name = Debug;
		};
		6FDDC79B1523FB6600BA3D79 /* Release */ = {
			isa = XCBuildConfiguration;
			buildSettings = {
				ALWAYS_SEARCH_USER_PATHS = NO;
				ARCHS = "$(ARCHS_STANDARD_32_BIT)";
				CLANG_ENABLE_OBJC_ARC = YES;
				"CODE_SIGN_IDENTITY[sdk=iphoneos*]" = "iPhone Developer";
				COPY_PHASE_STRIP = YES;
				GCC_C_LANGUAGE_STANDARD = gnu99;
				GCC_VERSION = com.apple.compilers.llvm.clang.1_0;
				GCC_WARN_ABOUT_RETURN_TYPE = YES;
				GCC_WARN_UNINITIALIZED_AUTOS = YES;
				GCC_WARN_UNUSED_VARIABLE = YES;
				IPHONEOS_DEPLOYMENT_TARGET = 5.1;
				OTHER_CFLAGS = "-DNS_BLOCK_ASSERTIONS=1";
				SDKROOT = iphoneos;
				TARGETED_DEVICE_FAMILY = "1,2";
				VALIDATE_PRODUCT = YES;
			};
			name = Release;
		};
		6FDDC79D1523FB6600BA3D79 /* Debug */ = {
			isa = XCBuildConfiguration;
			buildSettings = {
				GCC_PRECOMPILE_PREFIX_HEADER = YES;
				GCC_PREFIX_HEADER = "UniversalTest/UniversalTest-Prefix.pch";
				INFOPLIST_FILE = "UniversalTest/UniversalTest-Info.plist";
				PRODUCT_NAME = "$(TARGET_NAME)";
				WRAPPER_EXTENSION = app;
			};
			name = Debug;
		};
		6FDDC79E1523FB6600BA3D79 /* Release */ = {
			isa = XCBuildConfiguration;
			buildSettings = {
				GCC_PRECOMPILE_PREFIX_HEADER = YES;
				GCC_PREFIX_HEADER = "UniversalTest/UniversalTest-Prefix.pch";
				INFOPLIST_FILE = "UniversalTest/UniversalTest-Info.plist";
				PRODUCT_NAME = "$(TARGET_NAME)";
				WRAPPER_EXTENSION = app;
			};
			name = Release;
		};
		6FDDC7A01523FB6600BA3D79 /* Debug */ = {
			isa = XCBuildConfiguration;
			buildSettings = {
				BUNDLE_LOADER = "$(BUILT_PRODUCTS_DIR)/UniversalTest.app/UniversalTest";
				FRAMEWORK_SEARCH_PATHS = (
					"$(SDKROOT)/Developer/Library/Frameworks",
					"$(DEVELOPER_LIBRARY_DIR)/Frameworks",
				);
				GCC_PRECOMPILE_PREFIX_HEADER = YES;
				GCC_PREFIX_HEADER = "UniversalTest/UniversalTest-Prefix.pch";
				INFOPLIST_FILE = "UniversalTestTests/UniversalTestTests-Info.plist";
				PRODUCT_NAME = "$(TARGET_NAME)";
				TEST_HOST = "$(BUNDLE_LOADER)";
				WRAPPER_EXTENSION = octest;
			};
			name = Debug;
		};
		6FDDC7A11523FB6600BA3D79 /* Release */ = {
			isa = XCBuildConfiguration;
			buildSettings = {
				BUNDLE_LOADER = "$(BUILT_PRODUCTS_DIR)/UniversalTest.app/UniversalTest";
				FRAMEWORK_SEARCH_PATHS = (
					"$(SDKROOT)/Developer/Library/Frameworks",
					"$(DEVELOPER_LIBRARY_DIR)/Frameworks",
				);
				GCC_PRECOMPILE_PREFIX_HEADER = YES;
				GCC_PREFIX_HEADER = "UniversalTest/UniversalTest-Prefix.pch";
				INFOPLIST_FILE = "UniversalTestTests/UniversalTestTests-Info.plist";
				PRODUCT_NAME = "$(TARGET_NAME)";
				TEST_HOST = "$(BUNDLE_LOADER)";
				WRAPPER_EXTENSION = octest;
			};
			name = Release;
		};
/* End XCBuildConfiguration section */

/* Begin XCConfigurationList section */
		6FDDC7601523FB6600BA3D79 /* Build configuration list for PBXProject "UniversalTest" */ = {
			isa = XCConfigurationList;
			buildConfigurations = (
				6FDDC79A1523FB6600BA3D79 /* Debug */,
				6FDDC79B1523FB6600BA3D79 /* Release */,
			);
			defaultConfigurationIsVisible = 0;
			defaultConfigurationName = Release;
		};
		6FDDC79C1523FB6600BA3D79 /* Build configuration list for PBXNativeTarget "UniversalTest" */ = {
			isa = XCConfigurationList;
			buildConfigurations = (
				6FDDC79D1523FB6600BA3D79 /* Debug */,
				6FDDC79E1523FB6600BA3D79 /* Release */,
			);
			defaultConfigurationIsVisible = 0;
		};
		6FDDC79F1523FB6600BA3D79 /* Build configuration list for PBXNativeTarget "UniversalTestTests" */ = {
			isa = XCConfigurationList;
			buildConfigurations = (
				6FDDC7A01523FB6600BA3D79 /* Debug */,
				6FDDC7A11523FB6600BA3D79 /* Release */,
			);
			defaultConfigurationIsVisible = 0;
		};
/* End XCConfigurationList section */
	};
	rootObject = 6FDDC75D1523FB6600BA3D79 /* Project object */;
}
